{
    "hash": "2bea990d3515182b8afcc368ab49510f",
    "packages": [
        {
            "name": "aptoma/twig-markdown",
            "version": "dev-master",
            "source": {
                "type": "git",
                "url": "https://github.com/aptoma/twig-markdown.git",
                "reference": "c687c119174ebc3697171d2a45b22aa779c2ce87"
            },
            "dist": {
                "type": "zip",
                "url": "https://api.github.com/repos/aptoma/twig-markdown/zipball/c687c119174ebc3697171d2a45b22aa779c2ce87",
                "reference": "c687c119174ebc3697171d2a45b22aa779c2ce87",
                "shasum": ""
            },
            "require": {
                "dflydev/markdown": ">=1.0,<2.0",
                "twig/twig": ">=1.0,<2.0"
            },
            "type": "library",
            "autoload": {
                "psr-0": {
                    "Aptoma": "src/"
                }
            },
            "notification-url": "https://packagist.org/downloads/",
            "license": [
                "MIT"
            ],
            "authors": [
                {
                    "name": "Gunnar Lium",
                    "email": "gunnar@aptoma.com"
                }
            ],
            "description": "Twig extension to work with Markdown content",
            "keywords": [
                "markdown",
                "twig"
            ],
            "time": "2012-11-18 19:31:21"
        },
        {
            "name": "dflydev/markdown",
            "version": "dev-master",
            "source": {
                "type": "git",
                "url": "https://github.com/dflydev/dflydev-markdown.git",
                "reference": "11f8faa2d17f717a038b4d372abd22a6ac4a15dc"
            },
            "dist": {
                "type": "zip",
                "url": "https://api.github.com/repos/dflydev/dflydev-markdown/zipball/11f8faa2d17f717a038b4d372abd22a6ac4a15dc",
                "reference": "11f8faa2d17f717a038b4d372abd22a6ac4a15dc",
                "shasum": ""
            },
            "require": {
                "php": ">=5.3"
            },
            "type": "library",
            "extra": {
                "branch-alias": {
                    "dev-master": "1.0-dev"
                }
            },
            "autoload": {
                "psr-0": {
                    "dflydev\\markdown": "src"
                }
            },
            "notification-url": "https://packagist.org/downloads/",
            "license": [
                "BSD-3-Clause"
            ],
            "authors": [
                {
                    "name": "Dragonfly Development Inc.",
                    "email": "info@dflydev.com",
                    "homepage": "http://dflydev.com"
                },
                {
                    "name": "Beau Simensen",
                    "email": "beau@dflydev.com",
                    "homepage": "http://beausimensen.com"
                },
                {
                    "name": "Michel Fortin",
                    "homepage": "http://michelf.com"
                },
                {
                    "name": "John Gruber",
                    "homepage": "http://daringfireball.net"
                }
            ],
            "description": "PHP Markdown & Extra",
            "homepage": "http://github.com/dflydev/dflydev-markdown",
            "keywords": [
                "markdown"
            ],
            "time": "2012-07-15 16:31:27"
        },
        {
            "name": "symfony/yaml",
            "version": "2.2.x-dev",
            "target-dir": "Symfony/Component/Yaml",
            "source": {
                "type": "git",
                "url": "https://github.com/symfony/Yaml.git",
                "reference": "3f6d4ab3fd8226ab4ba0be9fc8a238f4338b79ab"
            },
            "dist": {
                "type": "zip",
                "url": "https://api.github.com/repos/symfony/Yaml/zipball/3f6d4ab3fd8226ab4ba0be9fc8a238f4338b79ab",
                "reference": "3f6d4ab3fd8226ab4ba0be9fc8a238f4338b79ab",
                "shasum": ""
            },
            "require": {
                "php": ">=5.3.3"
            },
            "type": "library",
            "extra": {
                "branch-alias": {
                    "dev-master": "2.2-dev"
                }
            },
            "autoload": {
                "psr-0": {
                    "Symfony\\Component\\Yaml\\": ""
                }
            },
            "notification-url": "https://packagist.org/downloads/",
            "license": [
                "MIT"
            ],
            "authors": [
                {
                    "name": "Fabien Potencier",
                    "email": "fabien@symfony.com"
                },
                {
                    "name": "Symfony Community",
                    "homepage": "http://symfony.com/contributors"
                }
            ],
            "description": "Symfony Yaml Component",
            "homepage": "http://symfony.com",
            "time": "2013-03-23 07:49:54"
        },
        {
            "name": "twig/extensions",
            "version": "dev-master",
            "source": {
                "type": "git",
                "url": "https://github.com/fabpot/Twig-extensions.git",
                "reference": "v1.0.0"
            },
            "dist": {
                "type": "zip",
                "url": "https://api.github.com/repos/fabpot/Twig-extensions/zipball/v1.0.0",
                "reference": "v1.0.0",
                "shasum": ""
            },
            "require": {
                "twig/twig": "1.*"
            },
            "type": "library",
            "extra": {
                "branch-alias": {
                    "dev-master": "1.0.x-dev"
                }
            },
            "autoload": {
                "psr-0": {
                    "Twig_Extensions_": "lib/"
                }
            },
            "notification-url": "https://packagist.org/downloads/",
            "license": [
                "MIT"
            ],
            "authors": [
                {
                    "name": "Fabien Potencier",
                    "email": "fabien@symfony.com"
                }
            ],
            "description": "Common additional features for Twig that do not directly belong in core",
            "homepage": "https://github.com/fabpot/Twig-extensions",
            "keywords": [
                "debug",
                "i18n",
                "text"
            ],
            "time": "2013-02-28 14:21:30"
        },
        {
            "name": "twig/twig",
            "version": "dev-master",
            "source": {
                "type": "git",
                "url": "https://github.com/fabpot/Twig.git",
                "reference": "e8991cc2f9c84b2b5c782203904898717d46e56a"
            },
            "dist": {
                "type": "zip",
                "url": "https://api.github.com/repos/fabpot/Twig/zipball/e8991cc2f9c84b2b5c782203904898717d46e56a",
                "reference": "e8991cc2f9c84b2b5c782203904898717d46e56a",
                "shasum": ""
            },
            "require": {
                "php": ">=5.2.4"
            },
            "type": "library",
            "extra": {
                "branch-alias": {
                    "dev-master": "1.12-dev"
                }
            },
            "autoload": {
                "psr-0": {
                    "Twig_": "lib/"
                }
            },
            "notification-url": "https://packagist.org/downloads/",
            "license": [
                "BSD-3"
            ],
            "authors": [
                {
                    "name": "Fabien Potencier",
                    "email": "fabien@symfony.com"
                },
                {
                    "name": "Armin Ronacher",
                    "email": "armin.ronacher@active-4.com"
                }
            ],
            "description": "Twig, the flexible, fast, and secure template language for PHP",
            "homepage": "http://twig.sensiolabs.org",
            "keywords": [
                "templating"
            ],
            "time": "2013-03-25 07:43:31"
        }
    ],
    "packages-dev": [

    ],
    "aliases": [

    ],
    "minimum-stability": "dev",
    "stability-flags": {
        "symfony/yaml": 20,
        "aptoma/twig-markdown": 20
    },
    "platform": {
        "php": ">=5.3.2"
    },
    "platform-dev": [

    ]
}
